{
  "nodes": {
    "home-manager": {
      "inputs": {
        "nixpkgs": [
          "nixpkgs"
        ]
      },
      "locked": {
        "lastModified": 1765980955,
        "narHash": "sha256-rB45jv4uwC90vM9UZ70plfvY/2Kdygs+zlQ07dGQFk4=",
        "ref": "refs/heads/master",
        "rev": "89c9508bbe9b40d36b3dc206c2483ef176f15173",
        "revCount": 5914,
        "type": "git",
        "url": "ssh://git@github.com/nix-community/home-manager"
      },
      "original": {
        "type": "git",
        "url": "ssh://git@github.com/nix-community/home-manager"
      }
    },
    "nix-darwin": {
      "inputs": {
        "nixpkgs": [
          "nixpkgs"
        ]
      },
      "locked": {
        "lastModified": 1765684049,
        "narHash": "sha256-svCS2r984qEowMT0y3kCrsD/m0J6zaF5I/UusS7QaH0=",
        "ref": "master",
        "rev": "9b628e171bfaea1a3d1edf31eee46251e0fe4a33",
        "revCount": 2292,
        "type": "git",
        "url": "ssh://git@github.com/LnL7/nix-darwin"
      },
      "original": {
        "ref": "master",
        "type": "git",
        "url": "ssh://git@github.com/LnL7/nix-darwin"
      }
    },
    "nixpkgs": {
      "locked": {
        "lastModified": 1765934234,
        "narHash": "sha256-pJjWUzNnjbIAMIc5gRFUuKCDQ9S1cuh3b2hKgA7Mc4A=",
        "ref": "nixpkgs-unstable",
        "rev": "af84f9d270d404c17699522fab95bbf928a2d92f",
        "revCount": 913028,
        "type": "git",
        "url": "ssh://git@github.com/NixOS/nixpkgs"
      },
      "original": {
        "ref": "nixpkgs-unstable",
        "type": "git",
        "url": "ssh://git@github.com/NixOS/nixpkgs"
      }
    },
    "root": {
      "inputs": {
        "home-manager": "home-manager",
        "nix-darwin": "nix-darwin",
        "nixpkgs": "nixpkgs"
      }
    }
  },
  "root": "root",
  "version": 7
}
